
Microsoft Visual Studio Solution File, Format Version 12.00
# Visual Studio Version 17
VisualStudioVersion = 17.5.33516.290
MinimumVisualStudioVersion = 10.0.40219.1
Project("{FAE04EC0-301F-11D3-BF4B-00C04F79EFBC}") = "Exercicios.ConsoleApp", "Exercicios.ConsoleApp\Exercicios.ConsoleApp.csproj", "{DE7F10F2-1C39-4453-B66F-213D2B6AFB90}"
EndProject
Global
	GlobalSection(SolutionConfigurationPlatforms) = preSolution
		Debug|Any CPU = Debug|Any CPU
		Release|Any CPU = Release|Any CPU
	EndGlobalSection
	GlobalSection(ProjectConfigurationPlatforms) = postSolution
		{DE7F10F2-1C39-4453-B66F-213D2B6AFB90}.Debug|Any CPU.ActiveCfg = Debug|Any CPU
		{DE7F10F2-1C39-4453-B66F-213D2B6AFB90}.Debug|Any CPU.Build.0 = Debug|Any CPU
		{DE7F10F2-1C39-4453-B66F-213D2B6AFB90}.Release|Any CPU.ActiveCfg = Release|Any CPU
		{DE7F10F2-1C39-4453-B66F-213D2B6AFB90}.Release|Any CPU.Build.0 = Release|Any CPU
	EndGlobalSection
	GlobalSection(SolutionProperties) = preSolution
		HideSolutionNode = FALSE
	EndGlobalSection
	GlobalSection(ExtensibilityGlobals) = postSolution
		SolutionGuid = {C9D76E9B-CCBD-4E66-93B0-546DF32A1E51}
	EndGlobalSection
EndGlobal
